// !$*UTF8*$!
{
	archiveVersion = 1;
	classes = {
	};
	objectVersion = 46;
	objects = {

/* Begin PBXBuildFile section */
		03120D141E2A8B86003EE095 /* AppDelegate.swift in Sources */ = {isa = PBXBuildFile; fileRef = 03120D131E2A8B86003EE095 /* AppDelegate.swift */; };
		03120D191E2A8B86003EE095 /* Main.storyboard in Resources */ = {isa = PBXBuildFile; fileRef = 03120D171E2A8B86003EE095 /* Main.storyboard */; };
		03120D1B1E2A8B86003EE095 /* Assets.xcassets in Resources */ = {isa = PBXBuildFile; fileRef = 03120D1A1E2A8B86003EE095 /* Assets.xcassets */; };
		03120D1E1E2A8B86003EE095 /* LaunchScreen.storyboard in Resources */ = {isa = PBXBuildFile; fileRef = 03120D1C1E2A8B86003EE095 /* LaunchScreen.storyboard */; };
		03120D291E2A8B86003EE095 /* MAPresenterTests.swift in Sources */ = {isa = PBXBuildFile; fileRef = 03120D281E2A8B86003EE095 /* MAPresenterTests.swift */; };
		03120D341E2A8B86003EE095 /* MAPresenterUITests.swift in Sources */ = {isa = PBXBuildFile; fileRef = 03120D331E2A8B86003EE095 /* MAPresenterUITests.swift */; };
		03120D441E2A90A1003EE095 /* FirstViewController.swift in Sources */ = {isa = PBXBuildFile; fileRef = 03120D431E2A90A1003EE095 /* FirstViewController.swift */; };
		03120D461E2A90B4003EE095 /* SecondViewController.swift in Sources */ = {isa = PBXBuildFile; fileRef = 03120D451E2A90B4003EE095 /* SecondViewController.swift */; };
		03120D4D1E2A9495003EE095 /* DismissAnimator.swift in Sources */ = {isa = PBXBuildFile; fileRef = 03120D491E2A9495003EE095 /* DismissAnimator.swift */; };
		03120D4E1E2A9495003EE095 /* PresentationAnimator.swift in Sources */ = {isa = PBXBuildFile; fileRef = 03120D4A1E2A9495003EE095 /* PresentationAnimator.swift */; };
		03120D4F1E2A9495003EE095 /* PresentationController.swift in Sources */ = {isa = PBXBuildFile; fileRef = 03120D4B1E2A9495003EE095 /* PresentationController.swift */; };
		03120D501E2A9495003EE095 /* PresentationManager.swift in Sources */ = {isa = PBXBuildFile; fileRef = 03120D4C1E2A9495003EE095 /* PresentationManager.swift */; };
		03120D541E2A9FDD003EE095 /* CustomTableViewCell.swift in Sources */ = {isa = PBXBuildFile; fileRef = 03120D521E2A9FDD003EE095 /* CustomTableViewCell.swift */; };
		03120D551E2A9FDD003EE095 /* CustomTableViewCell.xib in Resources */ = {isa = PBXBuildFile; fileRef = 03120D531E2A9FDD003EE095 /* CustomTableViewCell.xib */; };
/* End PBXBuildFile section */

/* Begin PBXContainerItemProxy section */
		03120D251E2A8B86003EE095 /* PBXContainerItemProxy */ = {
			isa = PBXContainerItemProxy;
			containerPortal = 03120D081E2A8B86003EE095 /* Project object */;
			proxyType = 1;
			remoteGlobalIDString = 03120D0F1E2A8B86003EE095;
			remoteInfo = MAPresenter;
		};
		03120D301E2A8B86003EE095 /* PBXContainerItemProxy */ = {
			isa = PBXContainerItemProxy;
			containerPortal = 03120D081E2A8B86003EE095 /* Project object */;
			proxyType = 1;
			remoteGlobalIDString = 03120D0F1E2A8B86003EE095;
			remoteInfo = MAPresenter;
		};
/* End PBXContainerItemProxy section */

/* Begin PBXFileReference section */
		03120D101E2A8B86003EE095 /* MAPresenter.app */ = {isa = PBXFileReference; explicitFileType = wrapper.application; includeInIndex = 0; path = MAPresenter.app; sourceTree = BUILT_PRODUCTS_DIR; };
		03120D131E2A8B86003EE095 /* AppDelegate.swift */ = {isa = PBXFileReference; lastKnownFileType = sourcecode.swift; path = AppDelegate.swift; sourceTree = "<group>"; };
		03120D181E2A8B86003EE095 /* Base */ = {isa = PBXFileReference; lastKnownFileType = file.storyboard; name = Base; path = Base.lproj/Main.storyboard; sourceTree = "<group>"; };
		03120D1A1E2A8B86003EE095 /* Assets.xcassets */ = {isa = PBXFileReference; lastKnownFileType = folder.assetcatalog; path = Assets.xcassets; sourceTree = "<group>"; };
		03120D1D1E2A8B86003EE095 /* Base */ = {isa = PBXFileReference; lastKnownFileType = file.storyboard; name = Base; path = Base.lproj/LaunchScreen.storyboard; sourceTree = "<group>"; };
		03120D1F1E2A8B86003EE095 /* Info.plist */ = {isa = PBXFileReference; lastKnownFileType = text.plist.xml; path = Info.plist; sourceTree = "<group>"; };
		03120D241E2A8B86003EE095 /* MAPresenterTests.xctest */ = {isa = PBXFileReference; explicitFileType = wrapper.cfbundle; includeInIndex = 0; path = MAPresenterTests.xctest; sourceTree = BUILT_PRODUCTS_DIR; };
		03120D281E2A8B86003EE095 /* MAPresenterTests.swift */ = {isa = PBXFileReference; lastKnownFileType = sourcecode.swift; path = MAPresenterTests.swift; sourceTree = "<group>"; };
		03120D2A1E2A8B86003EE095 /* Info.plist */ = {isa = PBXFileReference; lastKnownFileType = text.plist.xml; path = Info.plist; sourceTree = "<group>"; };
		03120D2F1E2A8B86003EE095 /* MAPresenterUITests.xctest */ = {isa = PBXFileReference; explicitFileType = wrapper.cfbundle; includeInIndex = 0; path = MAPresenterUITests.xctest; sourceTree = BUILT_PRODUCTS_DIR; };
		03120D331E2A8B86003EE095 /* MAPresenterUITests.swift */ = {isa = PBXFileReference; lastKnownFileType = sourcecode.swift; path = MAPresenterUITests.swift; sourceTree = "<group>"; };
		03120D351E2A8B86003EE095 /* Info.plist */ = {isa = PBXFileReference; lastKnownFileType = text.plist.xml; path = Info.plist; sourceTree = "<group>"; };
		03120D431E2A90A1003EE095 /* FirstViewController.swift */ = {isa = PBXFileReference; fileEncoding = 4; lastKnownFileType = sourcecode.swift; path = FirstViewController.swift; sourceTree = "<group>"; };
		03120D451E2A90B4003EE095 /* SecondViewController.swift */ = {isa = PBXFileReference; fileEncoding = 4; lastKnownFileType = sourcecode.swift; path = SecondViewController.swift; sourceTree = "<group>"; };
		03120D491E2A9495003EE095 /* DismissAnimator.swift */ = {isa = PBXFileReference; fileEncoding = 4; lastKnownFileType = sourcecode.swift; path = DismissAnimator.swift; sourceTree = "<group>"; };
		03120D4A1E2A9495003EE095 /* PresentationAnimator.swift */ = {isa = PBXFileReference; fileEncoding = 4; lastKnownFileType = sourcecode.swift; path = PresentationAnimator.swift; sourceTree = "<group>"; };
		03120D4B1E2A9495003EE095 /* PresentationController.swift */ = {isa = PBXFileReference; fileEncoding = 4; lastKnownFileType = sourcecode.swift; path = PresentationController.swift; sourceTree = "<group>"; };
		03120D4C1E2A9495003EE095 /* PresentationManager.swift */ = {isa = PBXFileReference; fileEncoding = 4; lastKnownFileType = sourcecode.swift; path = PresentationManager.swift; sourceTree = "<group>"; };
		03120D521E2A9FDD003EE095 /* CustomTableViewCell.swift */ = {isa = PBXFileReference; fileEncoding = 4; lastKnownFileType = sourcecode.swift; path = CustomTableViewCell.swift; sourceTree = "<group>"; };
		03120D531E2A9FDD003EE095 /* CustomTableViewCell.xib */ = {isa = PBXFileReference; fileEncoding = 4; lastKnownFileType = file.xib; path = CustomTableViewCell.xib; sourceTree = "<group>"; };
/* End PBXFileReference section */

/* Begin PBXFrameworksBuildPhase section */
		03120D0D1E2A8B86003EE095 /* Frameworks */ = {
			isa = PBXFrameworksBuildPhase;
			buildActionMask = 2147483647;
			files = (
			);
			runOnlyForDeploymentPostprocessing = 0;
		};
		03120D211E2A8B86003EE095 /* Frameworks */ = {
			isa = PBXFrameworksBuildPhase;
			buildActionMask = 2147483647;
			files = (
			);
			runOnlyForDeploymentPostprocessing = 0;
		};
		03120D2C1E2A8B86003EE095 /* Frameworks */ = {
			isa = PBXFrameworksBuildPhase;
			buildActionMask = 2147483647;
			files = (
			);
			runOnlyForDeploymentPostprocessing = 0;
		};
/* End PBXFrameworksBuildPhase section */

/* Begin PBXGroup section */
		03120D071E2A8B86003EE095 = {
			isa = PBXGroup;
			children = (
				03120D121E2A8B86003EE095 /* MAPresenter */,
				03120D271E2A8B86003EE095 /* MAPresenterTests */,
				03120D321E2A8B86003EE095 /* MAPresenterUITests */,
				03120D111E2A8B86003EE095 /* Products */,
			);
			sourceTree = "<group>";
		};
		03120D111E2A8B86003EE095 /* Products */ = {
			isa = PBXGroup;
			children = (
				03120D101E2A8B86003EE095 /* MAPresenter.app */,
				03120D241E2A8B86003EE095 /* MAPresenterTests.xctest */,
				03120D2F1E2A8B86003EE095 /* MAPresenterUITests.xctest */,
			);
			name = Products;
			sourceTree = "<group>";
		};
		03120D121E2A8B86003EE095 /* MAPresenter */ = {
			isa = PBXGroup;
			children = (
				03120D511E2A9FB5003EE095 /* View */,
				03120D421E2A9062003EE095 /* Controller */,
				03120D411E2A904E003EE095 /* Presenter */,
				03120D131E2A8B86003EE095 /* AppDelegate.swift */,
				03120D171E2A8B86003EE095 /* Main.storyboard */,
				03120D1A1E2A8B86003EE095 /* Assets.xcassets */,
				03120D1C1E2A8B86003EE095 /* LaunchScreen.storyboard */,
				03120D1F1E2A8B86003EE095 /* Info.plist */,
			);
			path = MAPresenter;
			sourceTree = "<group>";
		};
		03120D271E2A8B86003EE095 /* MAPresenterTests */ = {
			isa = PBXGroup;
			children = (
				03120D281E2A8B86003EE095 /* MAPresenterTests.swift */,
				03120D2A1E2A8B86003EE095 /* Info.plist */,
			);
			path = MAPresenterTests;
			sourceTree = "<group>";
		};
		03120D321E2A8B86003EE095 /* MAPresenterUITests */ = {
			isa = PBXGroup;
			children = (
				03120D331E2A8B86003EE095 /* MAPresenterUITests.swift */,
				03120D351E2A8B86003EE095 /* Info.plist */,
			);
			path = MAPresenterUITests;
			sourceTree = "<group>";
		};
		03120D411E2A904E003EE095 /* Presenter */ = {
			isa = PBXGroup;
			children = (
				03120D491E2A9495003EE095 /* DismissAnimator.swift */,
				03120D4A1E2A9495003EE095 /* PresentationAnimator.swift */,
				03120D4B1E2A9495003EE095 /* PresentationController.swift */,
				03120D4C1E2A9495003EE095 /* PresentationManager.swift */,
			);
			name = Presenter;
			sourceTree = "<group>";
		};
		03120D421E2A9062003EE095 /* Controller */ = {
			isa = PBXGroup;
			children = (
				03120D431E2A90A1003EE095 /* FirstViewController.swift */,
				03120D451E2A90B4003EE095 /* SecondViewController.swift */,
			);
			name = Controller;
			sourceTree = "<group>";
		};
		03120D511E2A9FB5003EE095 /* View */ = {
			isa = PBXGroup;
			children = (
				03120D521E2A9FDD003EE095 /* CustomTableViewCell.swift */,
				03120D531E2A9FDD003EE095 /* CustomTableViewCell.xib */,
			);
			name = View;
			sourceTree = "<group>";
		};
/* End PBXGroup section */

/* Begin PBXNativeTarget section */
		03120D0F1E2A8B86003EE095 /* MAPresenter */ = {
			isa = PBXNativeTarget;
			buildConfigurationList = 03120D381E2A8B86003EE095 /* Build configuration list for PBXNativeTarget "MAPresenter" */;
			buildPhases = (
				03120D0C1E2A8B86003EE095 /* Sources */,
				03120D0D1E2A8B86003EE095 /* Frameworks */,
				03120D0E1E2A8B86003EE095 /* Resources */,
			);
			buildRules = (
			);
			dependencies = (
			);
			name = MAPresenter;
			productName = MAPresenter;
			productReference = 03120D101E2A8B86003EE095 /* MAPresenter.app */;
			productType = "com.apple.product-type.application";
		};
		03120D231E2A8B86003EE095 /* MAPresenterTests */ = {
			isa = PBXNativeTarget;
			buildConfigurationList = 03120D3B1E2A8B86003EE095 /* Build configuration list for PBXNativeTarget "MAPresenterTests" */;
			buildPhases = (
				03120D201E2A8B86003EE095 /* Sources */,
				03120D211E2A8B86003EE095 /* Frameworks */,
				03120D221E2A8B86003EE095 /* Resources */,
			);
			buildRules = (
			);
			dependencies = (
				03120D261E2A8B86003EE095 /* PBXTargetDependency */,
			);
			name = MAPresenterTests;
			productName = MAPresenterTests;
			productReference = 03120D241E2A8B86003EE095 /* MAPresenterTests.xctest */;
			productType = "com.apple.product-type.bundle.unit-test";
		};
		03120D2E1E2A8B86003EE095 /* MAPresenterUITests */ = {
			isa = PBXNativeTarget;
			buildConfigurationList = 03120D3E1E2A8B86003EE095 /* Build configuration list for PBXNativeTarget "MAPresenterUITests" */;
			buildPhases = (
				03120D2B1E2A8B86003EE095 /* Sources */,
				03120D2C1E2A8B86003EE095 /* Frameworks */,
				03120D2D1E2A8B86003EE095 /* Resources */,
			);
			buildRules = (
			);
			dependencies = (
				03120D311E2A8B86003EE095 /* PBXTargetDependency */,
			);
			name = MAPresenterUITests;
			productName = MAPresenterUITests;
			productReference = 03120D2F1E2A8B86003EE095 /* MAPresenterUITests.xctest */;
			productType = "com.apple.product-type.bundle.ui-testing";
		};
/* End PBXNativeTarget section */

/* Begin PBXProject section */
		03120D081E2A8B86003EE095 /* Project object */ = {
			isa = PBXProject;
			attributes = {
				LastSwiftUpdateCheck = 0820;
				LastUpgradeCheck = 0820;
				ORGANIZATIONNAME = "Morshed Alam";
				TargetAttributes = {
					03120D0F1E2A8B86003EE095 = {
						CreatedOnToolsVersion = 8.2;
						ProvisioningStyle = Automatic;
					};
					03120D231E2A8B86003EE095 = {
						CreatedOnToolsVersion = 8.2;
						ProvisioningStyle = Automatic;
						TestTargetID = 03120D0F1E2A8B86003EE095;
					};
					03120D2E1E2A8B86003EE095 = {
						CreatedOnToolsVersion = 8.2;
						ProvisioningStyle = Automatic;
						TestTargetID = 03120D0F1E2A8B86003EE095;
					};
				};
			};
			buildConfigurationList = 03120D0B1E2A8B86003EE095 /* Build configuration list for PBXProject "MAPresenter" */;
			compatibilityVersion = "Xcode 3.2";
			developmentRegion = English;
			hasScannedForEncodings = 0;
			knownRegions = (
				en,
				Base,
			);
			mainGroup = 03120D071E2A8B86003EE095;
			productRefGroup = 03120D111E2A8B86003EE095 /* Products */;
			projectDirPath = "";
			projectRoot = "";
			targets = (
				03120D0F1E2A8B86003EE095 /* MAPresenter */,
				03120D231E2A8B86003EE095 /* MAPresenterTests */,
				03120D2E1E2A8B86003EE095 /* MAPresenterUITests */,
			);
		};
/* End PBXProject section */

/* Begin PBXResourcesBuildPhase section */
		03120D0E1E2A8B86003EE095 /* Resources */ = {
			isa = PBXResourcesBuildPhase;
			buildActionMask = 2147483647;
			files = (
				03120D1E1E2A8B86003EE095 /* LaunchScreen.storyboard in Resources */,
				03120D1B1E2A8B86003EE095 /* Assets.xcassets in Resources */,
				03120D551E2A9FDD003EE095 /* CustomTableViewCell.xib in Resources */,
				03120D191E2A8B86003EE095 /* Main.storyboard in Resources */,
			);
			runOnlyForDeploymentPostprocessing = 0;
		};
		03120D221E2A8B86003EE095 /* Resources */ = {
			isa = PBXResourcesBuildPhase;
			buildActionMask = 2147483647;
			files = (
			);
			runOnlyForDeploymentPostprocessing = 0;
		};
		03120D2D1E2A8B86003EE095 /* Resources */ = {
			isa = PBXResourcesBuildPhase;
			buildActionMask = 2147483647;
			files = (
			);
			runOnlyForDeploymentPostprocessing = 0;
		};
/* End PBXResourcesBuildPhase section */

/* Begin PBXSourcesBuildPhase section */
		03120D0C1E2A8B86003EE095 /* Sources */ = {
			isa = PBXSourcesBuildPhase;
			buildActionMask = 2147483647;
			files = (
				03120D461E2A90B4003EE095 /* SecondViewController.swift in Sources */,
				03120D141E2A8B86003EE095 /* AppDelegate.swift in Sources */,
				03120D541E2A9FDD003EE095 /* CustomTableViewCell.swift in Sources */,
				03120D4E1E2A9495003EE095 /* PresentationAnimator.swift in Sources */,
				03120D501E2A9495003EE095 /* PresentationManager.swift in Sources */,
				03120D441E2A90A1003EE095 /* FirstViewController.swift in Sources */,
				03120D4D1E2A9495003EE095 /* DismissAnimator.swift in Sources */,
				03120D4F1E2A9495003EE095 /* PresentationController.swift in Sources */,
			);
			runOnlyForDeploymentPostprocessing = 0;
		};
		03120D201E2A8B86003EE095 /* Sources */ = {
			isa = PBXSourcesBuildPhase;
			buildActionMask = 2147483647;
			files = (
				03120D291E2A8B86003EE095 /* MAPresenterTests.swift in Sources */,
			);
			runOnlyForDeploymentPostprocessing = 0;
		};
		03120D2B1E2A8B86003EE095 /* Sources */ = {
			isa = PBXSourcesBuildPhase;
			buildActionMask = 2147483647;
			files = (
				03120D341E2A8B86003EE095 /* MAPresenterUITests.swift in Sources */,
			);
			runOnlyForDeploymentPostprocessing = 0;
		};
/* End PBXSourcesBuildPhase section */

/* Begin PBXTargetDependency section */
		03120D261E2A8B86003EE095 /* PBXTargetDependency */ = {
			isa = PBXTargetDependency;
			target = 03120D0F1E2A8B86003EE095 /* MAPresenter */;
			targetProxy = 03120D251E2A8B86003EE095 /* PBXContainerItemProxy */;
		};
		03120D311E2A8B86003EE095 /* PBXTargetDependency */ = {
			isa = PBXTargetDependency;
			target = 03120D0F1E2A8B86003EE095 /* MAPresenter */;
			targetProxy = 03120D301E2A8B86003EE095 /* PBXContainerItemProxy */;
		};
/* End PBXTargetDependency section */

/* Begin PBXVariantGroup section */
		03120D171E2A8B86003EE095 /* Main.storyboard */ = {
			isa = PBXVariantGroup;
			children = (
				03120D181E2A8B86003EE095 /* Base */,
			);
			name = Main.storyboard;
			sourceTree = "<group>";
		};
		03120D1C1E2A8B86003EE095 /* LaunchScreen.storyboard */ = {
			isa = PBXVariantGroup;
			children = (
				03120D1D1E2A8B86003EE095 /* Base */,
			);
			name = LaunchScreen.storyboard;
			sourceTree = "<group>";
		};
/* End PBXVariantGroup section */

/* Begin XCBuildConfiguration section */
		03120D361E2A8B86003EE095 /* Debug */ = {
			isa = XCBuildConfiguration;
			buildSettings = {
				ALWAYS_SEARCH_USER_PATHS = NO;
				CLANG_ANALYZER_NONNULL = YES;
				CLANG_CXX_LANGUAGE_STANDARD = "gnu++0x";
				CLANG_CXX_LIBRARY = "libc++";
				CLANG_ENABLE_MODULES = YES;
				CLANG_ENABLE_OBJC_ARC = YES;
				CLANG_WARN_BOOL_CONVERSION = YES;
				CLANG_WARN_CONSTANT_CONVERSION = YES;
				CLANG_WARN_DIRECT_OBJC_ISA_USAGE = YES_ERROR;
				CLANG_WARN_DOCUMENTATION_COMMENTS = YES;
				CLANG_WARN_EMPTY_BODY = YES;
				CLANG_WARN_ENUM_CONVERSION = YES;
				CLANG_WARN_INFINITE_RECURSION = YES;
				CLANG_WARN_INT_CONVERSION = YES;
				CLANG_WARN_OBJC_ROOT_CLASS = YES_ERROR;
				CLANG_WARN_SUSPICIOUS_MOVE = YES;
				CLANG_WARN_UNREACHABLE_CODE = YES;
				CLANG_WARN__DUPLICATE_METHOD_MATCH = YES;
				"CODE_SIGN_IDENTITY[sdk=iphoneos*]" = "iPhone Developer";
				COPY_PHASE_STRIP = NO;
				DEBUG_INFORMATION_FORMAT = dwarf;
				ENABLE_STRICT_OBJC_MSGSEND = YES;
				ENABLE_TESTABILITY = YES;
				GCC_C_LANGUAGE_STANDARD = gnu99;
				GCC_DYNAMIC_NO_PIC = NO;
				GCC_NO_COMMON_BLOCKS = YES;
				GCC_OPTIMIZATION_LEVEL = 0;
				GCC_PREPROCESSOR_DEFINITIONS = (
					"DEBUG=1",
					"$(inherited)",
				);
				GCC_WARN_64_TO_32_BIT_CONVERSION = YES;
				GCC_WARN_ABOUT_RETURN_TYPE = YES_ERROR;
				GCC_WARN_UNDECLARED_SELECTOR = YES;
				GCC_WARN_UNINITIALIZED_AUTOS = YES_AGGRESSIVE;
				GCC_WARN_UNUSED_FUNCTION = YES;
				GCC_WARN_UNUSED_VARIABLE = YES;
				IPHONEOS_DEPLOYMENT_TARGET = 10.2;
				MTL_ENABLE_DEBUG_INFO = YES;
				ONLY_ACTIVE_ARCH = YES;
				SDKROOT = iphoneos;
				SWIFT_ACTIVE_COMPILATION_CONDITIONS = DEBUG;
				SWIFT_OPTIMIZATION_LEVEL = "-Onone";
				TARGETED_DEVICE_FAMILY = "1,2";
			};
			name = Debug;
		};
		03120D371E2A8B86003EE095 /* Release */ = {
			isa = XCBuildConfiguration;
			buildSettings = {
				ALWAYS_SEARCH_USER_PATHS = NO;
				CLANG_ANALYZER_NONNULL = YES;
				CLANG_CXX_LANGUAGE_STANDARD = "gnu++0x";
				CLANG_CXX_LIBRARY = "libc++";
				CLANG_ENABLE_MODULES = YES;
				CLANG_ENABLE_OBJC_ARC = YES;
				CLANG_WARN_BOOL_CONVERSION = YES;
				CLANG_WARN_CONSTANT_CONVERSION = YES;
				CLANG_WARN_DIRECT_OBJC_ISA_USAGE = YES_ERROR;
				CLANG_WARN_DOCUMENTATION_COMMENTS = YES;
				CLANG_WARN_EMPTY_BODY = YES;
				CLANG_WARN_ENUM_CONVERSION = YES;
				CLANG_WARN_INFINITE_RECURSION = YES;
				CLANG_WARN_INT_CONVERSION = YES;
				CLANG_WARN_OBJC_ROOT_CLASS = YES_ERROR;
				CLANG_WARN_SUSPICIOUS_MOVE = YES;
				CLANG_WARN_UNREACHABLE_CODE = YES;
				CLANG_WARN__DUPLICATE_METHOD_MATCH = YES;
				"CODE_SIGN_IDENTITY[sdk=iphoneos*]" = "iPhone Developer";
				COPY_PHASE_STRIP = NO;
				DEBUG_INFORMATION_FORMAT = "dwarf-with-dsym";
				ENABLE_NS_ASSERTIONS = NO;
				ENABLE_STRICT_OBJC_MSGSEND = YES;
				GCC_C_LANGUAGE_STANDARD = gnu99;
				GCC_NO_COMMON_BLOCKS = YES;
				GCC_WARN_64_TO_32_BIT_CONVERSION = YES;
				GCC_WARN_ABOUT_RETURN_TYPE = YES_ERROR;
				GCC_WARN_UNDECLARED_SELECTOR = YES;
				GCC_WARN_UNINITIALIZED_AUTOS = YES_AGGRESSIVE;
				GCC_WARN_UNUSED_FUNCTION = YES;
				GCC_WARN_UNUSED_VARIABLE = YES;
				IPHONEOS_DEPLOYMENT_TARGET = 10.2;
				MTL_ENABLE_DEBUG_INFO = NO;
				SDKROOT = iphoneos;
				SWIFT_OPTIMIZATION_LEVEL = "-Owholemodule";
				TARGETED_DEVICE_FAMILY = "1,2";
				VALIDATE_PRODUCT = YES;
			};
			name = Release;
		};
		03120D391E2A8B86003EE095 /* Debug */ = {
			isa = XCBuildConfiguration;
			buildSettings = {
				ASSETCATALOG_COMPILER_APPICON_NAME = AppIcon;
				INFOPLIST_FILE = MAPresenter/Info.plist;
				LD_RUNPATH_SEARCH_PATHS = "$(inherited) @executable_path/Frameworks";
				PRODUCT_BUNDLE_IDENTIFIER = Doit.MAPresenter;
				PRODUCT_NAME = "$(TARGET_NAME)";
				SWIFT_VERSION = 3.0;
			};
			name = Debug;
		};
		03120D3A1E2A8B86003EE095 /* Release */ = {
			isa = XCBuildConfiguration;
			buildSettings = {
				ASSETCATALOG_COMPILER_APPICON_NAME = AppIcon;
				INFOPLIST_FILE = MAPresenter/Info.plist;
				LD_RUNPATH_SEARCH_PATHS = "$(inherited) @executable_path/Frameworks";
				PRODUCT_BUNDLE_IDENTIFIER = Doit.MAPresenter;
				PRODUCT_NAME = "$(TARGET_NAME)";
				SWIFT_VERSION = 3.0;
			};
			name = Release;
		};
		03120D3C1E2A8B86003EE095 /* Debug */ = {
			isa = XCBuildConfiguration;
			buildSettings = {
				ALWAYS_EMBED_SWIFT_STANDARD_LIBRARIES = YES;
				BUNDLE_LOADER = "$(TEST_HOST)";
				INFOPLIST_FILE = MAPresenterTests/Info.plist;
				LD_RUNPATH_SEARCH_PATHS = "$(inherited) @executable_path/Frameworks @loader_path/Frameworks";
				PRODUCT_BUNDLE_IDENTIFIER = Doit.MAPresenterTests;
				PRODUCT_NAME = "$(TARGET_NAME)";
				SWIFT_VERSION = 3.0;
				TEST_HOST = "$(BUILT_PRODUCTS_DIR)/MAPresenter.app/MAPresenter";
			};
			name = Debug;
		};
		03120D3D1E2A8B86003EE095 /* Release */ = {
			isa = XCBuildConfiguration;
			buildSettings = {
				ALWAYS_EMBED_SWIFT_STANDARD_LIBRARIES = YES;
				BUNDLE_LOADER = "$(TEST_HOST)";
				INFOPLIST_FILE = MAPresenterTests/Info.plist;
				LD_RUNPATH_SEARCH_PATHS = "$(inherited) @executable_path/Frameworks @loader_path/Frameworks";
				PRODUCT_BUNDLE_IDENTIFIER = Doit.MAPresenterTests;
				PRODUCT_NAME = "$(TARGET_NAME)";
				SWIFT_VERSION = 3.0;
				TEST_HOST = "$(BUILT_PRODUCTS_DIR)/MAPresenter.app/MAPresenter";
			};
			name = Release;
		};
		03120D3F1E2A8B86003EE095 /* Debug */ = {
			isa = XCBuildConfiguration;
			buildSettings = {
				ALWAYS_EMBED_SWIFT_STANDARD_LIBRARIES = YES;
				INFOPLIST_FILE = MAPresenterUITests/Info.plist;
				LD_RUNPATH_SEARCH_PATHS = "$(inherited) @executable_path/Frameworks @loader_path/Frameworks";
				PRODUCT_BUNDLE_IDENTIFIER = Doit.MAPresenterUITests;
				PRODUCT_NAME = "$(TARGET_NAME)";
				SWIFT_VERSION = 3.0;
				TEST_TARGET_NAME = MAPresenter;
			};
			name = Debug;
		};
		03120D401E2A8B86003EE095 /* Release */ = {
			isa = XCBuildConfiguration;
			buildSettings = {
				ALWAYS_EMBED_SWIFT_STANDARD_LIBRARIES = YES;
				INFOPLIST_FILE = MAPresenterUITests/Info.plist;
				LD_RUNPATH_SEARCH_PATHS = "$(inherited) @executable_path/Frameworks @loader_path/Frameworks";
				PRODUCT_BUNDLE_IDENTIFIER = Doit.MAPresenterUITests;
				PRODUCT_NAME = "$(TARGET_NAME)";
				SWIFT_VERSION = 3.0;
				TEST_TARGET_NAME = MAPresenter;
			};
			name = Release;
		};
/* End XCBuildConfiguration section */

/* Begin XCConfigurationList section */
		03120D0B1E2A8B86003EE095 /* Build configuration list for PBXProject "MAPresenter" */ = {
			isa = XCConfigurationList;
			buildConfigurations = (
				03120D361E2A8B86003EE095 /* Debug */,
				03120D371E2A8B86003EE095 /* Release */,
			);
			defaultConfigurationIsVisible = 0;
			defaultConfigurationName = Release;
		};
		03120D381E2A8B86003EE095 /* Build configuration list for PBXNativeTarget "MAPresenter" */ = {
			isa = XCConfigurationList;
			buildConfigurations = (
				03120D391E2A8B86003EE095 /* Debug */,
				03120D3A1E2A8B86003EE095 /* Release */,
			);
			defaultConfigurationIsVisible = 0;
		};
		03120D3B1E2A8B86003EE095 /* Build configuration list for PBXNativeTarget "MAPresenterTests" */ = {
			isa = XCConfigurationList;
			buildConfigurations = (
				03120D3C1E2A8B86003EE095 /* Debug */,
				03120D3D1E2A8B86003EE095 /* Release */,
			);
			defaultConfigurationIsVisible = 0;
		};
		03120D3E1E2A8B86003EE095 /* Build configuration list for PBXNativeTarget "MAPresenterUITests" */ = {
			isa = XCConfigurationList;
			buildConfigurations = (
				03120D3F1E2A8B86003EE095 /* Debug */,
				03120D401E2A8B86003EE095 /* Release */,
			);
			defaultConfigurationIsVisible = 0;
		};
/* End XCConfigurationList section */
	};
	rootObject = 03120D081E2A8B86003EE095 /* Project object */;
}
